
Microsoft Visual Studio Solution File, Format Version 12.00
# Visual Studio Version 17
VisualStudioVersion = 17.5.33424.131
MinimumVisualStudioVersion = 10.0.40219.1
Project("{9A19103F-16F7-4668-BE54-9A1E7A4F7556}") = "DbDocGenerator", "DbDocGenerator.csproj", "{39D0F409-5E27-4CC2-843A-E987B325E034}"
EndProject
Global
	GlobalSection(SolutionConfigurationPlatforms) = preSolution
		Debug|Any CPU = Debug|Any CPU
		Release|Any CPU = Release|Any CPU
	EndGlobalSection
	GlobalSection(ProjectConfigurationPlatforms) = postSolution
		{39D0F409-5E27-4CC2-843A-E987B325E034}.Debug|Any CPU.ActiveCfg = Debug|Any CPU
		{39D0F409-5E27-4CC2-843A-E987B325E034}.Debug|Any CPU.Build.0 = Debug|Any CPU
		{39D0F409-5E27-4CC2-843A-E987B325E034}.Release|Any CPU.ActiveCfg = Release|Any CPU
		{39D0F409-5E27-4CC2-843A-E987B325E034}.Release|Any CPU.Build.0 = Release|Any CPU
	EndGlobalSection
	GlobalSection(SolutionProperties) = preSolution
		HideSolutionNode = FALSE
	EndGlobalSection
	GlobalSection(ExtensibilityGlobals) = postSolution
		SolutionGuid = {59D67989-0959-49D6-AF21-EDD5A23F8A75}
	EndGlobalSection
EndGlobal
